
Microsoft Visual Studio Solution File, Format Version 12.00
# Visual Studio Version 17
VisualStudioVersion = 17.3.32929.385
MinimumVisualStudioVersion = 10.0.40219.1
Project("{9A19103F-16F7-4668-BE54-9A1E7A4F7556}") = "Alody", "Alody\Alody.csproj", "{8AB6B6E9-F21E-4EDF-ABBD-F9575F00EB11}"
EndProject
Project("{FAE04EC0-301F-11D3-BF4B-00C04F79EFBC}") = "DBContext", "DBContext\DBContext.csproj", "{1019486B-AE91-46A6-A182-39977F087DD3}"
EndProject
Project("{FAE04EC0-301F-11D3-BF4B-00C04F79EFBC}") = "Requests", "Requests\Requests.csproj", "{C3AEAC86-1525-42CA-A2FF-DF63138685ED}"
EndProject
Project("{FAE04EC0-301F-11D3-BF4B-00C04F79EFBC}") = "Responses", "Responses\Responses.csproj", "{08FD6EB0-A825-4B30-8A17-34A25431CFD8}"
EndProject
Project("{FAE04EC0-301F-11D3-BF4B-00C04F79EFBC}") = "Handlers", "Handlers\Handlers.csproj", "{C2D408CC-5AF6-44BF-A067-982F6826D7DB}"
EndProject
Project("{FAE04EC0-301F-11D3-BF4B-00C04F79EFBC}") = "ViewModels", "ViewModels\ViewModels.csproj", "{A6367021-5EDC-4763-BF54-147EE448D28F}"
EndProject
Global
	GlobalSection(SolutionConfigurationPlatforms) = preSolution
		Debug|Any CPU = Debug|Any CPU
		Release|Any CPU = Release|Any CPU
	EndGlobalSection
	GlobalSection(ProjectConfigurationPlatforms) = postSolution
		{8AB6B6E9-F21E-4EDF-ABBD-F9575F00EB11}.Debug|Any CPU.ActiveCfg = Debug|Any CPU
		{8AB6B6E9-F21E-4EDF-ABBD-F9575F00EB11}.Debug|Any CPU.Build.0 = Debug|Any CPU
		{8AB6B6E9-F21E-4EDF-ABBD-F9575F00EB11}.Release|Any CPU.ActiveCfg = Release|Any CPU
		{8AB6B6E9-F21E-4EDF-ABBD-F9575F00EB11}.Release|Any CPU.Build.0 = Release|Any CPU
		{1019486B-AE91-46A6-A182-39977F087DD3}.Debug|Any CPU.ActiveCfg = Debug|Any CPU
		{1019486B-AE91-46A6-A182-39977F087DD3}.Debug|Any CPU.Build.0 = Debug|Any CPU
		{1019486B-AE91-46A6-A182-39977F087DD3}.Release|Any CPU.ActiveCfg = Release|Any CPU
		{1019486B-AE91-46A6-A182-39977F087DD3}.Release|Any CPU.Build.0 = Release|Any CPU
		{C3AEAC86-1525-42CA-A2FF-DF63138685ED}.Debug|Any CPU.ActiveCfg = Debug|Any CPU
		{C3AEAC86-1525-42CA-A2FF-DF63138685ED}.Debug|Any CPU.Build.0 = Debug|Any CPU
		{C3AEAC86-1525-42CA-A2FF-DF63138685ED}.Release|Any CPU.ActiveCfg = Release|Any CPU
		{C3AEAC86-1525-42CA-A2FF-DF63138685ED}.Release|Any CPU.Build.0 = Release|Any CPU
		{08FD6EB0-A825-4B30-8A17-34A25431CFD8}.Debug|Any CPU.ActiveCfg = Debug|Any CPU
		{08FD6EB0-A825-4B30-8A17-34A25431CFD8}.Debug|Any CPU.Build.0 = Debug|Any CPU
		{08FD6EB0-A825-4B30-8A17-34A25431CFD8}.Release|Any CPU.ActiveCfg = Release|Any CPU
		{08FD6EB0-A825-4B30-8A17-34A25431CFD8}.Release|Any CPU.Build.0 = Release|Any CPU
		{C2D408CC-5AF6-44BF-A067-982F6826D7DB}.Debug|Any CPU.ActiveCfg = Debug|Any CPU
		{C2D408CC-5AF6-44BF-A067-982F6826D7DB}.Debug|Any CPU.Build.0 = Debug|Any CPU
		{C2D408CC-5AF6-44BF-A067-982F6826D7DB}.Release|Any CPU.ActiveCfg = Release|Any CPU
		{C2D408CC-5AF6-44BF-A067-982F6826D7DB}.Release|Any CPU.Build.0 = Release|Any CPU
		{A6367021-5EDC-4763-BF54-147EE448D28F}.Debug|Any CPU.ActiveCfg = Debug|Any CPU
		{A6367021-5EDC-4763-BF54-147EE448D28F}.Debug|Any CPU.Build.0 = Debug|Any CPU
		{A6367021-5EDC-4763-BF54-147EE448D28F}.Release|Any CPU.ActiveCfg = Release|Any CPU
		{A6367021-5EDC-4763-BF54-147EE448D28F}.Release|Any CPU.Build.0 = Release|Any CPU
	EndGlobalSection
	GlobalSection(SolutionProperties) = preSolution
		HideSolutionNode = FALSE
	EndGlobalSection
	GlobalSection(ExtensibilityGlobals) = postSolution
		SolutionGuid = {834B47F4-6701-4A0A-8E54-40D1E395A979}
	EndGlobalSection
EndGlobal
